{
  "name": "jquery-mdstrap",
  "version": "4.0.1",
  "lockfileVersion": 1,
  "requires": true,
  "dependencies": {
    "bootstrap": {
      "version": "4.1.1",
      "resolved": "https://registry.npmjs.org/bootstrap/-/bootstrap-4.1.1.tgz",
      "integrity": "sha512-SpiDSOcbg4J/PjVSt4ny5eY6j74VbVSjROY4Fb/WIUXBV9cnb5luyR4KnPvNoXuGnBK1T+nJIWqRsvU3yP8Mcg==",
      "dev": true
    },
    "clipboard": {
      "version": "2.0.1",
      "resolved": "https://registry.npmjs.org/clipboard/-/clipboard-2.0.1.tgz",
      "integrity": "sha512-7yhQBmtN+uYZmfRjjVjKa0dZdWuabzpSKGtyQZN+9C8xlC788SSJjOHWh7tzurfwTqTD5UDYAhIv5fRJg3sHjQ==",
      "dev": true,
      "optional": true,
      "requires": {
        "good-listener": "^1.2.2",
        "select": "^1.1.2",
        "tiny-emitter": "^2.0.0"
      }
    },
    "delegate": {
      "version": "3.2.0",
      "resolved": "https://registry.npmjs.org/delegate/-/delegate-3.2.0.tgz",
      "integrity": "sha512-IofjkYBZaZivn0V8nnsMJGBr4jVLxHDheKSW88PyxS5QC4Vo9ZbZVvhzlSxY87fVq3STR6r+4cGepyHkcWOQSw==",
      "dev": true,
      "optional": true
    },
    "font-awesome": {
      "version": "4.7.0",
      "resolved": "https://registry.npmjs.org/font-awesome/-/font-awesome-4.7.0.tgz",
      "integrity": "sha1-j6jPBBGhoxr9B7BtKQK7n8gVoTM=",
      "dev": true
    },
    "good-listener": {
      "version": "1.2.2",
      "resolved": "https://registry.npmjs.org/good-listener/-/good-listener-1.2.2.tgz",
      "integrity": "sha1-1TswzfkxPf+33JoNR3CWqm0UXFA=",
      "dev": true,
      "optional": true,
      "requires": {
        "delegate": "^3.1.2"
      }
    },
    "jquery": {
      "version": "3.4.0",
      "resolved": "https://registry.npmjs.org/jquery/-/jquery-3.4.0.tgz",
      "integrity": "sha512-ggRCXln9zEqv6OqAGXFEcshF5dSBvCkzj6Gm2gzuR5fWawaX8t7cxKVkkygKODrDAzKdoYw3l/e3pm3vlT4IbQ==",
      "dev": true
    },
    "prismjs": {
      "version": "1.14.0",
      "resolved": "https://registry.npmjs.org/prismjs/-/prismjs-1.14.0.tgz",
      "integrity": "sha512-sa2s4m60bXs+kU3jcuUwx3ZCrUH7o0kuqnOOINbODqlRrDB7KY8SRx+xR/D7nHLlgfDdG7zXbRO8wJ+su5Ls0A==",
      "dev": true,
      "requires": {
        "clipboard": "^2.0.0"
      }
    },
    "select": {
      "version": "1.1.2",
      "resolved": "https://registry.npmjs.org/select/-/select-1.1.2.tgz",
      "integrity": "sha1-DnNQrN7ICxEIUoeG7B1EGNEbOW0=",
      "dev": true,
      "optional": true
    },
    "tiny-emitter": {
      "version": "2.0.2",
      "resolved": "https://registry.npmjs.org/tiny-emitter/-/tiny-emitter-2.0.2.tgz",
      "integrity": "sha512-2NM0auVBGft5tee/OxP4PI3d8WItkDM+fPnaRAVo6xTDI2knbz9eC5ArWGqtGlYqiH3RU5yMpdyTTO7MguC4ow==",
      "dev": true,
      "optional": true
    }
  }
}
